// !$*UTF8*$!
{
	archiveVersion = 1;
	classes = {
	};
	objectVersion = 56;
	objects = {

/* Begin PBXBuildFile section */
		3B5E9E782AE07F9B00293473 /* whattomakeApp.swift in Sources */ = {isa = PBXBuildFile; fileRef = 3B5E9E772AE07F9B00293473 /* whattomakeApp.swift */; };
		3B5E9E7A2AE07F9B00293473 /* ContentView.swift in Sources */ = {isa = PBXBuildFile; fileRef = 3B5E9E792AE07F9B00293473 /* ContentView.swift */; };
		3B5E9E7C2AE07F9B00293473 /* Item.swift in Sources */ = {isa = PBXBuildFile; fileRef = 3B5E9E7B2AE07F9B00293473 /* Item.swift */; };
		3B5E9E7E2AE07F9D00293473 /* Assets.xcassets in Resources */ = {isa = PBXBuildFile; fileRef = 3B5E9E7D2AE07F9D00293473 /* Assets.xcassets */; };
		3B5E9E812AE07F9D00293473 /* Preview Assets.xcassets in Resources */ = {isa = PBXBuildFile; fileRef = 3B5E9E802AE07F9D00293473 /* Preview Assets.xcassets */; };
		3B5E9E8D2AE07F9D00293473 /* whattomakeTests.swift in Sources */ = {isa = PBXBuildFile; fileRef = 3B5E9E8C2AE07F9D00293473 /* whattomakeTests.swift */; };
		3B5E9E972AE07F9D00293473 /* whattomakeUITests.swift in Sources */ = {isa = PBXBuildFile; fileRef = 3B5E9E962AE07F9D00293473 /* whattomakeUITests.swift */; };
		3B5E9E992AE07F9D00293473 /* whattomakeUITestsLaunchTests.swift in Sources */ = {isa = PBXBuildFile; fileRef = 3B5E9E982AE07F9D00293473 /* whattomakeUITestsLaunchTests.swift */; };
		3B5E9EA92AE08B8700293473 /* RecipeTests.swift in Sources */ = {isa = PBXBuildFile; fileRef = 3B5E9EA82AE08B8700293473 /* RecipeTests.swift */; };
		3B5E9EAB2AE08BF200293473 /* Recipe.swift in Sources */ = {isa = PBXBuildFile; fileRef = 3B5E9EAA2AE08BF200293473 /* Recipe.swift */; };
/* End PBXBuildFile section */

/* Begin PBXContainerItemProxy section */
		3B5E9E892AE07F9D00293473 /* PBXContainerItemProxy */ = {
			isa = PBXContainerItemProxy;
			containerPortal = 3B5E9E6C2AE07F9B00293473 /* Project object */;
			proxyType = 1;
			remoteGlobalIDString = 3B5E9E732AE07F9B00293473;
			remoteInfo = whattomake;
		};
		3B5E9E932AE07F9D00293473 /* PBXContainerItemProxy */ = {
			isa = PBXContainerItemProxy;
			containerPortal = 3B5E9E6C2AE07F9B00293473 /* Project object */;
			proxyType = 1;
			remoteGlobalIDString = 3B5E9E732AE07F9B00293473;
			remoteInfo = whattomake;
		};
/* End PBXContainerItemProxy section */

/* Begin PBXFileReference section */
		3B5E9E742AE07F9B00293473 /* whattomake.app */ = {isa = PBXFileReference; explicitFileType = wrapper.application; includeInIndex = 0; path = whattomake.app; sourceTree = BUILT_PRODUCTS_DIR; };
		3B5E9E772AE07F9B00293473 /* whattomakeApp.swift */ = {isa = PBXFileReference; lastKnownFileType = sourcecode.swift; path = whattomakeApp.swift; sourceTree = "<group>"; };
		3B5E9E792AE07F9B00293473 /* ContentView.swift */ = {isa = PBXFileReference; lastKnownFileType = sourcecode.swift; path = ContentView.swift; sourceTree = "<group>"; };
		3B5E9E7B2AE07F9B00293473 /* Item.swift */ = {isa = PBXFileReference; lastKnownFileType = sourcecode.swift; path = Item.swift; sourceTree = "<group>"; };
		3B5E9E7D2AE07F9D00293473 /* Assets.xcassets */ = {isa = PBXFileReference; lastKnownFileType = folder.assetcatalog; path = Assets.xcassets; sourceTree = "<group>"; };
		3B5E9E802AE07F9D00293473 /* Preview Assets.xcassets */ = {isa = PBXFileReference; lastKnownFileType = folder.assetcatalog; path = "Preview Assets.xcassets"; sourceTree = "<group>"; };
		3B5E9E822AE07F9D00293473 /* whattomake.entitlements */ = {isa = PBXFileReference; lastKnownFileType = text.plist.entitlements; path = whattomake.entitlements; sourceTree = "<group>"; };
		3B5E9E832AE07F9D00293473 /* Info.plist */ = {isa = PBXFileReference; lastKnownFileType = text.plist.xml; path = Info.plist; sourceTree = "<group>"; };
		3B5E9E882AE07F9D00293473 /* whattomakeTests.xctest */ = {isa = PBXFileReference; explicitFileType = wrapper.cfbundle; includeInIndex = 0; path = whattomakeTests.xctest; sourceTree = BUILT_PRODUCTS_DIR; };
		3B5E9E8C2AE07F9D00293473 /* whattomakeTests.swift */ = {isa = PBXFileReference; lastKnownFileType = sourcecode.swift; path = whattomakeTests.swift; sourceTree = "<group>"; };
		3B5E9E922AE07F9D00293473 /* whattomakeUITests.xctest */ = {isa = PBXFileReference; explicitFileType = wrapper.cfbundle; includeInIndex = 0; path = whattomakeUITests.xctest; sourceTree = BUILT_PRODUCTS_DIR; };
		3B5E9E962AE07F9D00293473 /* whattomakeUITests.swift */ = {isa = PBXFileReference; lastKnownFileType = sourcecode.swift; path = whattomakeUITests.swift; sourceTree = "<group>"; };
		3B5E9E982AE07F9D00293473 /* whattomakeUITestsLaunchTests.swift */ = {isa = PBXFileReference; lastKnownFileType = sourcecode.swift; path = whattomakeUITestsLaunchTests.swift; sourceTree = "<group>"; };
		3B5E9EA82AE08B8700293473 /* RecipeTests.swift */ = {isa = PBXFileReference; lastKnownFileType = sourcecode.swift; path = RecipeTests.swift; sourceTree = "<group>"; };
		3B5E9EAA2AE08BF200293473 /* Recipe.swift */ = {isa = PBXFileReference; lastKnownFileType = sourcecode.swift; path = Recipe.swift; sourceTree = "<group>"; };
/* End PBXFileReference section */

/* Begin PBXFrameworksBuildPhase section */
		3B5E9E712AE07F9B00293473 /* Frameworks */ = {
			isa = PBXFrameworksBuildPhase;
			buildActionMask = 2147483647;
			files = (
			);
			runOnlyForDeploymentPostprocessing = 0;
		};
		3B5E9E852AE07F9D00293473 /* Frameworks */ = {
			isa = PBXFrameworksBuildPhase;
			buildActionMask = 2147483647;
			files = (
			);
			runOnlyForDeploymentPostprocessing = 0;
		};
		3B5E9E8F2AE07F9D00293473 /* Frameworks */ = {
			isa = PBXFrameworksBuildPhase;
			buildActionMask = 2147483647;
			files = (
			);
			runOnlyForDeploymentPostprocessing = 0;
		};
/* End PBXFrameworksBuildPhase section */

/* Begin PBXGroup section */
		3B5E9E6B2AE07F9B00293473 = {
			isa = PBXGroup;
			children = (
				3B5E9E762AE07F9B00293473 /* Sources */,
				3B5E9EA52AE0850A00293473 /* Supporting Files */,
				3B5E9E8B2AE07F9D00293473 /* Tests */,
				3B5E9E952AE07F9D00293473 /* UITests */,
				3B5E9E752AE07F9B00293473 /* Products */,
			);
			sourceTree = "<group>";
		};
		3B5E9E752AE07F9B00293473 /* Products */ = {
			isa = PBXGroup;
			children = (
				3B5E9E742AE07F9B00293473 /* whattomake.app */,
				3B5E9E882AE07F9D00293473 /* whattomakeTests.xctest */,
				3B5E9E922AE07F9D00293473 /* whattomakeUITests.xctest */,
			);
			name = Products;
			sourceTree = "<group>";
		};
		3B5E9E762AE07F9B00293473 /* Sources */ = {
			isa = PBXGroup;
			children = (
				3B5E9EA72AE08B3F00293473 /* Models */,
				3B5E9EA62AE0853000293473 /* Application */,
				3B5E9E792AE07F9B00293473 /* ContentView.swift */,
				3B5E9E7B2AE07F9B00293473 /* Item.swift */,
			);
			path = Sources;
			sourceTree = "<group>";
		};
		3B5E9E7F2AE07F9D00293473 /* Preview Content */ = {
			isa = PBXGroup;
			children = (
				3B5E9E802AE07F9D00293473 /* Preview Assets.xcassets */,
			);
			path = "Preview Content";
			sourceTree = "<group>";
		};
		3B5E9E8B2AE07F9D00293473 /* Tests */ = {
			isa = PBXGroup;
			children = (
				3B5E9E8C2AE07F9D00293473 /* whattomakeTests.swift */,
				3B5E9EA82AE08B8700293473 /* RecipeTests.swift */,
			);
			path = Tests;
			sourceTree = "<group>";
		};
		3B5E9E952AE07F9D00293473 /* UITests */ = {
			isa = PBXGroup;
			children = (
				3B5E9E962AE07F9D00293473 /* whattomakeUITests.swift */,
				3B5E9E982AE07F9D00293473 /* whattomakeUITestsLaunchTests.swift */,
			);
			path = UITests;
			sourceTree = "<group>";
		};
		3B5E9EA52AE0850A00293473 /* Supporting Files */ = {
			isa = PBXGroup;
			children = (
				3B5E9E7D2AE07F9D00293473 /* Assets.xcassets */,
				3B5E9E822AE07F9D00293473 /* whattomake.entitlements */,
				3B5E9E832AE07F9D00293473 /* Info.plist */,
				3B5E9E7F2AE07F9D00293473 /* Preview Content */,
			);
			path = "Supporting Files";
			sourceTree = "<group>";
		};
		3B5E9EA62AE0853000293473 /* Application */ = {
			isa = PBXGroup;
			children = (
				3B5E9E772AE07F9B00293473 /* whattomakeApp.swift */,
			);
			path = Application;
			sourceTree = "<group>";
		};
		3B5E9EA72AE08B3F00293473 /* Models */ = {
			isa = PBXGroup;
			children = (
				3B5E9EAA2AE08BF200293473 /* Recipe.swift */,
			);
			path = Models;
			sourceTree = "<group>";
		};
/* End PBXGroup section */

/* Begin PBXNativeTarget section */
		3B5E9E732AE07F9B00293473 /* whattomake */ = {
			isa = PBXNativeTarget;
			buildConfigurationList = 3B5E9E9C2AE07F9D00293473 /* Build configuration list for PBXNativeTarget "whattomake" */;
			buildPhases = (
				3B5E9E702AE07F9B00293473 /* Sources */,
				3B5E9E712AE07F9B00293473 /* Frameworks */,
				3B5E9E722AE07F9B00293473 /* Resources */,
			);
			buildRules = (
			);
			dependencies = (
			);
			name = whattomake;
			productName = whattomake;
			productReference = 3B5E9E742AE07F9B00293473 /* whattomake.app */;
			productType = "com.apple.product-type.application";
		};
		3B5E9E872AE07F9D00293473 /* whattomakeTests */ = {
			isa = PBXNativeTarget;
			buildConfigurationList = 3B5E9E9F2AE07F9D00293473 /* Build configuration list for PBXNativeTarget "whattomakeTests" */;
			buildPhases = (
				3B5E9E842AE07F9D00293473 /* Sources */,
				3B5E9E852AE07F9D00293473 /* Frameworks */,
				3B5E9E862AE07F9D00293473 /* Resources */,
			);
			buildRules = (
			);
			dependencies = (
				3B5E9E8A2AE07F9D00293473 /* PBXTargetDependency */,
			);
			name = whattomakeTests;
			productName = whattomakeTests;
			productReference = 3B5E9E882AE07F9D00293473 /* whattomakeTests.xctest */;
			productType = "com.apple.product-type.bundle.unit-test";
		};
		3B5E9E912AE07F9D00293473 /* whattomakeUITests */ = {
			isa = PBXNativeTarget;
			buildConfigurationList = 3B5E9EA22AE07F9D00293473 /* Build configuration list for PBXNativeTarget "whattomakeUITests" */;
			buildPhases = (
				3B5E9E8E2AE07F9D00293473 /* Sources */,
				3B5E9E8F2AE07F9D00293473 /* Frameworks */,
				3B5E9E902AE07F9D00293473 /* Resources */,
			);
			buildRules = (
			);
			dependencies = (
				3B5E9E942AE07F9D00293473 /* PBXTargetDependency */,
			);
			name = whattomakeUITests;
			productName = whattomakeUITests;
			productReference = 3B5E9E922AE07F9D00293473 /* whattomakeUITests.xctest */;
			productType = "com.apple.product-type.bundle.ui-testing";
		};
/* End PBXNativeTarget section */

/* Begin PBXProject section */
		3B5E9E6C2AE07F9B00293473 /* Project object */ = {
			isa = PBXProject;
			attributes = {
				BuildIndependentTargetsInParallel = 1;
				LastSwiftUpdateCheck = 1500;
				LastUpgradeCheck = 1500;
				TargetAttributes = {
					3B5E9E732AE07F9B00293473 = {
						CreatedOnToolsVersion = 15.0;
					};
					3B5E9E872AE07F9D00293473 = {
						CreatedOnToolsVersion = 15.0;
						TestTargetID = 3B5E9E732AE07F9B00293473;
					};
					3B5E9E912AE07F9D00293473 = {
						CreatedOnToolsVersion = 15.0;
						TestTargetID = 3B5E9E732AE07F9B00293473;
					};
				};
			};
			buildConfigurationList = 3B5E9E6F2AE07F9B00293473 /* Build configuration list for PBXProject "whattomake" */;
			compatibilityVersion = "Xcode 14.0";
			developmentRegion = en;
			hasScannedForEncodings = 0;
			knownRegions = (
				en,
				Base,
			);
			mainGroup = 3B5E9E6B2AE07F9B00293473;
			productRefGroup = 3B5E9E752AE07F9B00293473 /* Products */;
			projectDirPath = "";
			projectRoot = "";
			targets = (
				3B5E9E732AE07F9B00293473 /* whattomake */,
				3B5E9E872AE07F9D00293473 /* whattomakeTests */,
				3B5E9E912AE07F9D00293473 /* whattomakeUITests */,
			);
		};
/* End PBXProject section */

/* Begin PBXResourcesBuildPhase section */
		3B5E9E722AE07F9B00293473 /* Resources */ = {
			isa = PBXResourcesBuildPhase;
			buildActionMask = 2147483647;
			files = (
				3B5E9E812AE07F9D00293473 /* Preview Assets.xcassets in Resources */,
				3B5E9E7E2AE07F9D00293473 /* Assets.xcassets in Resources */,
			);
			runOnlyForDeploymentPostprocessing = 0;
		};
		3B5E9E862AE07F9D00293473 /* Resources */ = {
			isa = PBXResourcesBuildPhase;
			buildActionMask = 2147483647;
			files = (
			);
			runOnlyForDeploymentPostprocessing = 0;
		};
		3B5E9E902AE07F9D00293473 /* Resources */ = {
			isa = PBXResourcesBuildPhase;
			buildActionMask = 2147483647;
			files = (
			);
			runOnlyForDeploymentPostprocessing = 0;
		};
/* End PBXResourcesBuildPhase section */

/* Begin PBXSourcesBuildPhase section */
		3B5E9E702AE07F9B00293473 /* Sources */ = {
			isa = PBXSourcesBuildPhase;
			buildActionMask = 2147483647;
			files = (
				3B5E9E7A2AE07F9B00293473 /* ContentView.swift in Sources */,
				3B5E9E7C2AE07F9B00293473 /* Item.swift in Sources */,
				3B5E9E782AE07F9B00293473 /* whattomakeApp.swift in Sources */,
				3B5E9EAB2AE08BF200293473 /* Recipe.swift in Sources */,
			);
			runOnlyForDeploymentPostprocessing = 0;
		};
		3B5E9E842AE07F9D00293473 /* Sources */ = {
			isa = PBXSourcesBuildPhase;
			buildActionMask = 2147483647;
			files = (
				3B5E9E8D2AE07F9D00293473 /* whattomakeTests.swift in Sources */,
				3B5E9EA92AE08B8700293473 /* RecipeTests.swift in Sources */,
			);
			runOnlyForDeploymentPostprocessing = 0;
		};
		3B5E9E8E2AE07F9D00293473 /* Sources */ = {
			isa = PBXSourcesBuildPhase;
			buildActionMask = 2147483647;
			files = (
				3B5E9E972AE07F9D00293473 /* whattomakeUITests.swift in Sources */,
				3B5E9E992AE07F9D00293473 /* whattomakeUITestsLaunchTests.swift in Sources */,
			);
			runOnlyForDeploymentPostprocessing = 0;
		};
/* End PBXSourcesBuildPhase section */

/* Begin PBXTargetDependency section */
		3B5E9E8A2AE07F9D00293473 /* PBXTargetDependency */ = {
			isa = PBXTargetDependency;
			target = 3B5E9E732AE07F9B00293473 /* whattomake */;
			targetProxy = 3B5E9E892AE07F9D00293473 /* PBXContainerItemProxy */;
		};
		3B5E9E942AE07F9D00293473 /* PBXTargetDependency */ = {
			isa = PBXTargetDependency;
			target = 3B5E9E732AE07F9B00293473 /* whattomake */;
			targetProxy = 3B5E9E932AE07F9D00293473 /* PBXContainerItemProxy */;
		};
/* End PBXTargetDependency section */

/* Begin XCBuildConfiguration section */
		3B5E9E9A2AE07F9D00293473 /* Debug */ = {
			isa = XCBuildConfiguration;
			buildSettings = {
				ALWAYS_SEARCH_USER_PATHS = NO;
				ASSETCATALOG_COMPILER_GENERATE_SWIFT_ASSET_SYMBOL_EXTENSIONS = YES;
				CLANG_ANALYZER_NONNULL = YES;
				CLANG_ANALYZER_NUMBER_OBJECT_CONVERSION = YES_AGGRESSIVE;
				CLANG_CXX_LANGUAGE_STANDARD = "gnu++20";
				CLANG_ENABLE_MODULES = YES;
				CLANG_ENABLE_OBJC_ARC = YES;
				CLANG_ENABLE_OBJC_WEAK = YES;
				CLANG_WARN_BLOCK_CAPTURE_AUTORELEASING = YES;
				CLANG_WARN_BOOL_CONVERSION = YES;
				CLANG_WARN_COMMA = YES;
				CLANG_WARN_CONSTANT_CONVERSION = YES;
				CLANG_WARN_DEPRECATED_OBJC_IMPLEMENTATIONS = YES;
				CLANG_WARN_DIRECT_OBJC_ISA_USAGE = YES_ERROR;
				CLANG_WARN_DOCUMENTATION_COMMENTS = YES;
				CLANG_WARN_EMPTY_BODY = YES;
				CLANG_WARN_ENUM_CONVERSION = YES;
				CLANG_WARN_INFINITE_RECURSION = YES;
				CLANG_WARN_INT_CONVERSION = YES;
				CLANG_WARN_NON_LITERAL_NULL_CONVERSION = YES;
				CLANG_WARN_OBJC_IMPLICIT_RETAIN_SELF = YES;
				CLANG_WARN_OBJC_LITERAL_CONVERSION = YES;
				CLANG_WARN_OBJC_ROOT_CLASS = YES_ERROR;
				CLANG_WARN_QUOTED_INCLUDE_IN_FRAMEWORK_HEADER = YES;
				CLANG_WARN_RANGE_LOOP_ANALYSIS = YES;
				CLANG_WARN_STRICT_PROTOTYPES = YES;
				CLANG_WARN_SUSPICIOUS_MOVE = YES;
				CLANG_WARN_UNGUARDED_AVAILABILITY = YES_AGGRESSIVE;
				CLANG_WARN_UNREACHABLE_CODE = YES;
				CLANG_WARN__DUPLICATE_METHOD_MATCH = YES;
				COPY_PHASE_STRIP = NO;
				DEBUG_INFORMATION_FORMAT = dwarf;
				ENABLE_STRICT_OBJC_MSGSEND = YES;
				ENABLE_TESTABILITY = YES;
				ENABLE_USER_SCRIPT_SANDBOXING = YES;
				GCC_C_LANGUAGE_STANDARD = gnu17;
				GCC_DYNAMIC_NO_PIC = NO;
				GCC_NO_COMMON_BLOCKS = YES;
				GCC_OPTIMIZATION_LEVEL = 0;
				GCC_PREPROCESSOR_DEFINITIONS = (
					"DEBUG=1",
					"$(inherited)",
				);
				GCC_WARN_64_TO_32_BIT_CONVERSION = YES;
				GCC_WARN_ABOUT_RETURN_TYPE = YES_ERROR;
				GCC_WARN_UNDECLARED_SELECTOR = YES;
				GCC_WARN_UNINITIALIZED_AUTOS = YES_AGGRESSIVE;
				GCC_WARN_UNUSED_FUNCTION = YES;
				GCC_WARN_UNUSED_VARIABLE = YES;
				IPHONEOS_DEPLOYMENT_TARGET = 17.0;
				LOCALIZATION_PREFERS_STRING_CATALOGS = YES;
				MTL_ENABLE_DEBUG_INFO = INCLUDE_SOURCE;
				MTL_FAST_MATH = YES;
				ONLY_ACTIVE_ARCH = YES;
				SDKROOT = iphoneos;
				SWIFT_ACTIVE_COMPILATION_CONDITIONS = "DEBUG $(inherited)";
				SWIFT_OPTIMIZATION_LEVEL = "-Onone";
			};
			name = Debug;
		};
		3B5E9E9B2AE07F9D00293473 /* Release */ = {
			isa = XCBuildConfiguration;
			buildSettings = {
				ALWAYS_SEARCH_USER_PATHS = NO;
				ASSETCATALOG_COMPILER_GENERATE_SWIFT_ASSET_SYMBOL_EXTENSIONS = YES;
				CLANG_ANALYZER_NONNULL = YES;
				CLANG_ANALYZER_NUMBER_OBJECT_CONVERSION = YES_AGGRESSIVE;
				CLANG_CXX_LANGUAGE_STANDARD = "gnu++20";
				CLANG_ENABLE_MODULES = YES;
				CLANG_ENABLE_OBJC_ARC = YES;
				CLANG_ENABLE_OBJC_WEAK = YES;
				CLANG_WARN_BLOCK_CAPTURE_AUTORELEASING = YES;
				CLANG_WARN_BOOL_CONVERSION = YES;
				CLANG_WARN_COMMA = YES;
				CLANG_WARN_CONSTANT_CONVERSION = YES;
				CLANG_WARN_DEPRECATED_OBJC_IMPLEMENTATIONS = YES;
				CLANG_WARN_DIRECT_OBJC_ISA_USAGE = YES_ERROR;
				CLANG_WARN_DOCUMENTATION_COMMENTS = YES;
				CLANG_WARN_EMPTY_BODY = YES;
				CLANG_WARN_ENUM_CONVERSION = YES;
				CLANG_WARN_INFINITE_RECURSION = YES;
				CLANG_WARN_INT_CONVERSION = YES;
				CLANG_WARN_NON_LITERAL_NULL_CONVERSION = YES;
				CLANG_WARN_OBJC_IMPLICIT_RETAIN_SELF = YES;
				CLANG_WARN_OBJC_LITERAL_CONVERSION = YES;
				CLANG_WARN_OBJC_ROOT_CLASS = YES_ERROR;
				CLANG_WARN_QUOTED_INCLUDE_IN_FRAMEWORK_HEADER = YES;
				CLANG_WARN_RANGE_LOOP_ANALYSIS = YES;
				CLANG_WARN_STRICT_PROTOTYPES = YES;
				CLANG_WARN_SUSPICIOUS_MOVE = YES;
				CLANG_WARN_UNGUARDED_AVAILABILITY = YES_AGGRESSIVE;
				CLANG_WARN_UNREACHABLE_CODE = YES;
				CLANG_WARN__DUPLICATE_METHOD_MATCH = YES;
				COPY_PHASE_STRIP = NO;
				DEBUG_INFORMATION_FORMAT = "dwarf-with-dsym";
				ENABLE_NS_ASSERTIONS = NO;
				ENABLE_STRICT_OBJC_MSGSEND = YES;
				ENABLE_USER_SCRIPT_SANDBOXING = YES;
				GCC_C_LANGUAGE_STANDARD = gnu17;
				GCC_NO_COMMON_BLOCKS = YES;
				GCC_WARN_64_TO_32_BIT_CONVERSION = YES;
				GCC_WARN_ABOUT_RETURN_TYPE = YES_ERROR;
				GCC_WARN_UNDECLARED_SELECTOR = YES;
				GCC_WARN_UNINITIALIZED_AUTOS = YES_AGGRESSIVE;
				GCC_WARN_UNUSED_FUNCTION = YES;
				GCC_WARN_UNUSED_VARIABLE = YES;
				IPHONEOS_DEPLOYMENT_TARGET = 17.0;
				LOCALIZATION_PREFERS_STRING_CATALOGS = YES;
				MTL_ENABLE_DEBUG_INFO = NO;
				MTL_FAST_MATH = YES;
				SDKROOT = iphoneos;
				SWIFT_COMPILATION_MODE = wholemodule;
				VALIDATE_PRODUCT = YES;
			};
			name = Release;
		};
		3B5E9E9D2AE07F9D00293473 /* Debug */ = {
			isa = XCBuildConfiguration;
			buildSettings = {
				ASSETCATALOG_COMPILER_APPICON_NAME = AppIcon;
				ASSETCATALOG_COMPILER_GLOBAL_ACCENT_COLOR_NAME = AccentColor;
				CODE_SIGN_ENTITLEMENTS = "Supporting Files/whattomake.entitlements";
				CODE_SIGN_STYLE = Automatic;
				CURRENT_PROJECT_VERSION = 1;
				DEVELOPMENT_ASSET_PATHS = "\"Supporting Files/Preview Content\"";
				DEVELOPMENT_TEAM = 24CTGGM78R;
				ENABLE_PREVIEWS = YES;
				GENERATE_INFOPLIST_FILE = YES;
				INFOPLIST_FILE = "Supporting Files/Info.plist";
				INFOPLIST_KEY_CFBundleDisplayName = "What to Make";
				INFOPLIST_KEY_UIApplicationSceneManifest_Generation = YES;
				INFOPLIST_KEY_UIApplicationSupportsIndirectInputEvents = YES;
				INFOPLIST_KEY_UILaunchScreen_Generation = YES;
				INFOPLIST_KEY_UISupportedInterfaceOrientations = UIInterfaceOrientationPortrait;
				INFOPLIST_KEY_UISupportedInterfaceOrientations_iPad = "UIInterfaceOrientationLandscapeLeft UIInterfaceOrientationLandscapeRight UIInterfaceOrientationPortrait UIInterfaceOrientationPortraitUpsideDown";
				LD_RUNPATH_SEARCH_PATHS = (
					"$(inherited)",
					"@executable_path/Frameworks",
				);
				MARKETING_VERSION = 0.0.0;
				PRODUCT_BUNDLE_IDENTIFIER = amishpatel.whattomake;
				PRODUCT_NAME = "$(TARGET_NAME)";
				SWIFT_EMIT_LOC_STRINGS = YES;
				SWIFT_VERSION = 5.0;
				TARGETED_DEVICE_FAMILY = "1,2";
			};
			name = Debug;
		};
		3B5E9E9E2AE07F9D00293473 /* Release */ = {
			isa = XCBuildConfiguration;
			buildSettings = {
				ASSETCATALOG_COMPILER_APPICON_NAME = AppIcon;
				ASSETCATALOG_COMPILER_GLOBAL_ACCENT_COLOR_NAME = AccentColor;
				CODE_SIGN_ENTITLEMENTS = "Supporting Files/whattomake.entitlements";
				CODE_SIGN_STYLE = Automatic;
				CURRENT_PROJECT_VERSION = 1;
				DEVELOPMENT_ASSET_PATHS = "\"Supporting Files/Preview Content\"";
				DEVELOPMENT_TEAM = 24CTGGM78R;
				ENABLE_PREVIEWS = YES;
				GENERATE_INFOPLIST_FILE = YES;
				INFOPLIST_FILE = "Supporting Files/Info.plist";
				INFOPLIST_KEY_CFBundleDisplayName = "What to Make";
				INFOPLIST_KEY_UIApplicationSceneManifest_Generation = YES;
				INFOPLIST_KEY_UIApplicationSupportsIndirectInputEvents = YES;
				INFOPLIST_KEY_UILaunchScreen_Generation = YES;
				INFOPLIST_KEY_UISupportedInterfaceOrientations = UIInterfaceOrientationPortrait;
				INFOPLIST_KEY_UISupportedInterfaceOrientations_iPad = "UIInterfaceOrientationLandscapeLeft UIInterfaceOrientationLandscapeRight UIInterfaceOrientationPortrait UIInterfaceOrientationPortraitUpsideDown";
				LD_RUNPATH_SEARCH_PATHS = (
					"$(inherited)",
					"@executable_path/Frameworks",
				);
				MARKETING_VERSION = 0.0.0;
				PRODUCT_BUNDLE_IDENTIFIER = amishpatel.whattomake;
				PRODUCT_NAME = "$(TARGET_NAME)";
				SWIFT_EMIT_LOC_STRINGS = YES;
				SWIFT_VERSION = 5.0;
				TARGETED_DEVICE_FAMILY = "1,2";
			};
			name = Release;
		};
		3B5E9EA02AE07F9D00293473 /* Debug */ = {
			isa = XCBuildConfiguration;
			buildSettings = {
				ALWAYS_EMBED_SWIFT_STANDARD_LIBRARIES = YES;
				BUNDLE_LOADER = "$(TEST_HOST)";
				CODE_SIGN_STYLE = Automatic;
				CURRENT_PROJECT_VERSION = 1;
				DEVELOPMENT_TEAM = 24CTGGM78R;
				GENERATE_INFOPLIST_FILE = YES;
				IPHONEOS_DEPLOYMENT_TARGET = 17.0;
				MARKETING_VERSION = 1.0;
				PRODUCT_BUNDLE_IDENTIFIER = amishpatel.whattomakeTests;
				PRODUCT_NAME = "$(TARGET_NAME)";
				SWIFT_EMIT_LOC_STRINGS = NO;
				SWIFT_VERSION = 5.0;
				TARGETED_DEVICE_FAMILY = "1,2";
				TEST_HOST = "$(BUILT_PRODUCTS_DIR)/whattomake.app/$(BUNDLE_EXECUTABLE_FOLDER_PATH)/whattomake";
			};
			name = Debug;
		};
		3B5E9EA12AE07F9D00293473 /* Release */ = {
			isa = XCBuildConfiguration;
			buildSettings = {
				ALWAYS_EMBED_SWIFT_STANDARD_LIBRARIES = YES;
				BUNDLE_LOADER = "$(TEST_HOST)";
				CODE_SIGN_STYLE = Automatic;
				CURRENT_PROJECT_VERSION = 1;
				DEVELOPMENT_TEAM = 24CTGGM78R;
				GENERATE_INFOPLIST_FILE = YES;
				IPHONEOS_DEPLOYMENT_TARGET = 17.0;
				MARKETING_VERSION = 1.0;
				PRODUCT_BUNDLE_IDENTIFIER = amishpatel.whattomakeTests;
				PRODUCT_NAME = "$(TARGET_NAME)";
				SWIFT_EMIT_LOC_STRINGS = NO;
				SWIFT_VERSION = 5.0;
				TARGETED_DEVICE_FAMILY = "1,2";
				TEST_HOST = "$(BUILT_PRODUCTS_DIR)/whattomake.app/$(BUNDLE_EXECUTABLE_FOLDER_PATH)/whattomake";
			};
			name = Release;
		};
		3B5E9EA32AE07F9D00293473 /* Debug */ = {
			isa = XCBuildConfiguration;
			buildSettings = {
				ALWAYS_EMBED_SWIFT_STANDARD_LIBRARIES = YES;
				CODE_SIGN_STYLE = Automatic;
				CURRENT_PROJECT_VERSION = 1;
				DEVELOPMENT_TEAM = 24CTGGM78R;
				GENERATE_INFOPLIST_FILE = YES;
				MARKETING_VERSION = 1.0;
				PRODUCT_BUNDLE_IDENTIFIER = amishpatel.whattomakeUITests;
				PRODUCT_NAME = "$(TARGET_NAME)";
				SWIFT_EMIT_LOC_STRINGS = NO;
				SWIFT_VERSION = 5.0;
				TARGETED_DEVICE_FAMILY = "1,2";
				TEST_TARGET_NAME = whattomake;
			};
			name = Debug;
		};
		3B5E9EA42AE07F9D00293473 /* Release */ = {
			isa = XCBuildConfiguration;
			buildSettings = {
				ALWAYS_EMBED_SWIFT_STANDARD_LIBRARIES = YES;
				CODE_SIGN_STYLE = Automatic;
				CURRENT_PROJECT_VERSION = 1;
				DEVELOPMENT_TEAM = 24CTGGM78R;
				GENERATE_INFOPLIST_FILE = YES;
				MARKETING_VERSION = 1.0;
				PRODUCT_BUNDLE_IDENTIFIER = amishpatel.whattomakeUITests;
				PRODUCT_NAME = "$(TARGET_NAME)";
				SWIFT_EMIT_LOC_STRINGS = NO;
				SWIFT_VERSION = 5.0;
				TARGETED_DEVICE_FAMILY = "1,2";
				TEST_TARGET_NAME = whattomake;
			};
			name = Release;
		};
/* End XCBuildConfiguration section */

/* Begin XCConfigurationList section */
		3B5E9E6F2AE07F9B00293473 /* Build configuration list for PBXProject "whattomake" */ = {
			isa = XCConfigurationList;
			buildConfigurations = (
				3B5E9E9A2AE07F9D00293473 /* Debug */,
				3B5E9E9B2AE07F9D00293473 /* Release */,
			);
			defaultConfigurationIsVisible = 0;
			defaultConfigurationName = Release;
		};
		3B5E9E9C2AE07F9D00293473 /* Build configuration list for PBXNativeTarget "whattomake" */ = {
			isa = XCConfigurationList;
			buildConfigurations = (
				3B5E9E9D2AE07F9D00293473 /* Debug */,
				3B5E9E9E2AE07F9D00293473 /* Release */,
			);
			defaultConfigurationIsVisible = 0;
			defaultConfigurationName = Release;
		};
		3B5E9E9F2AE07F9D00293473 /* Build configuration list for PBXNativeTarget "whattomakeTests" */ = {
			isa = XCConfigurationList;
			buildConfigurations = (
				3B5E9EA02AE07F9D00293473 /* Debug */,
				3B5E9EA12AE07F9D00293473 /* Release */,
			);
			defaultConfigurationIsVisible = 0;
			defaultConfigurationName = Release;
		};
		3B5E9EA22AE07F9D00293473 /* Build configuration list for PBXNativeTarget "whattomakeUITests" */ = {
			isa = XCConfigurationList;
			buildConfigurations = (
				3B5E9EA32AE07F9D00293473 /* Debug */,
				3B5E9EA42AE07F9D00293473 /* Release */,
			);
			defaultConfigurationIsVisible = 0;
			defaultConfigurationName = Release;
		};
/* End XCConfigurationList section */
	};
	rootObject = 3B5E9E6C2AE07F9B00293473 /* Project object */;
}
