// !$*UTF8*$!
{
	archiveVersion = 1;
	classes = {
	};
	objectVersion = 56;
	objects = {

/* Begin PBXBuildFile section */
		3B47D5F52E4962CE00E22A4B /* AddRecipeViewModelTests.swift in Sources */ = {isa = PBXBuildFile; fileRef = 3B47D5F42E4962CE00E22A4B /* AddRecipeViewModelTests.swift */; };
		3B47D5F72E49662F00E22A4B /* CountRecipesUseCase.swift in Sources */ = {isa = PBXBuildFile; fileRef = 3B47D5F62E49662F00E22A4B /* CountRecipesUseCase.swift */; };
		3B47D5F92E49673300E22A4B /* GenerateMenuViewModelTests.swift in Sources */ = {isa = PBXBuildFile; fileRef = 3B47D5F82E49673300E22A4B /* GenerateMenuViewModelTests.swift */; };
		3B47D5FC2E49698000E22A4B /* DebugTools.swift in Sources */ = {isa = PBXBuildFile; fileRef = 3B47D5FB2E49698000E22A4B /* DebugTools.swift */; };
		3B47D5FE2E49698900E22A4B /* DebugMenuView.swift in Sources */ = {isa = PBXBuildFile; fileRef = 3B47D5FD2E49698900E22A4B /* DebugMenuView.swift */; };
		3B47D6002E496CB400E22A4B /* AppState.swift in Sources */ = {isa = PBXBuildFile; fileRef = 3B47D5FF2E496CB400E22A4B /* AppState.swift */; };
		3B5E9E7E2AE07F9D00293473 /* Assets.xcassets in Resources */ = {isa = PBXBuildFile; fileRef = 3B5E9E7D2AE07F9D00293473 /* Assets.xcassets */; };
		3B5E9E812AE07F9D00293473 /* Preview Assets.xcassets in Resources */ = {isa = PBXBuildFile; fileRef = 3B5E9E802AE07F9D00293473 /* Preview Assets.xcassets */; };
		3BAD929C2E493AA6009DCBAE /* GenerateMenuView.swift in Sources */ = {isa = PBXBuildFile; fileRef = 3BAD929A2E4939DB009DCBAE /* GenerateMenuView.swift */; };
		3BAD929D2E493AA6009DCBAE /* RecipesListView.swift in Sources */ = {isa = PBXBuildFile; fileRef = 3BAD92992E4939D3009DCBAE /* RecipesListView.swift */; };
		3BAD929E2E493AA6009DCBAE /* AddRecipeView.swift in Sources */ = {isa = PBXBuildFile; fileRef = 3BAD92982E4939C8009DCBAE /* AddRecipeView.swift */; };
		3BAD929F2E493AA6009DCBAE /* GenerateMenuViewModel.swift in Sources */ = {isa = PBXBuildFile; fileRef = 3BAD92962E4939B5009DCBAE /* GenerateMenuViewModel.swift */; };
		3BAD92A02E493AA6009DCBAE /* RecipesListViewModel.swift in Sources */ = {isa = PBXBuildFile; fileRef = 3BAD92952E4939AD009DCBAE /* RecipesListViewModel.swift */; };
		3BAD92A12E493AA6009DCBAE /* AddRecipeViewModel.swift in Sources */ = {isa = PBXBuildFile; fileRef = 3BAD92942E49397E009DCBAE /* AddRecipeViewModel.swift */; };
		3BAD92A22E493AA6009DCBAE /* FetchMenusUseCase.swift in Sources */ = {isa = PBXBuildFile; fileRef = 3BAD92922E49393D009DCBAE /* FetchMenusUseCase.swift */; };
		3BAD92A32E493AA6009DCBAE /* GenerateMenuUseCase.swift in Sources */ = {isa = PBXBuildFile; fileRef = 3BAD92912E493935009DCBAE /* GenerateMenuUseCase.swift */; };
		3BAD92A42E493AA6009DCBAE /* FetchRecipesUseCase.swift in Sources */ = {isa = PBXBuildFile; fileRef = 3BAD92902E49392D009DCBAE /* FetchRecipesUseCase.swift */; };
		3BAD92A52E493AA6009DCBAE /* AddRecipeUseCase.swift in Sources */ = {isa = PBXBuildFile; fileRef = 3BAD928F2E493926009DCBAE /* AddRecipeUseCase.swift */; };
		3BAD92A62E493AA6009DCBAE /* MenuError.swift in Sources */ = {isa = PBXBuildFile; fileRef = 3BAD928E2E49391F009DCBAE /* MenuError.swift */; };
		3BAD92A72E493AA6009DCBAE /* RecipeError.swift in Sources */ = {isa = PBXBuildFile; fileRef = 3BAD928D2E493919009DCBAE /* RecipeError.swift */; };
		3BAD92A82E493AA6009DCBAE /* SwiftDataMenuRepository.swift in Sources */ = {isa = PBXBuildFile; fileRef = 3BAD92872E49382C009DCBAE /* SwiftDataMenuRepository.swift */; };
		3BAD92A92E493AA6009DCBAE /* SwiftDataRecipeRepository.swift in Sources */ = {isa = PBXBuildFile; fileRef = 3BAD92862E493824009DCBAE /* SwiftDataRecipeRepository.swift */; };
		3BAD92AA2E493AA6009DCBAE /* MenuRepository.swift in Sources */ = {isa = PBXBuildFile; fileRef = 3BAD92852E49381D009DCBAE /* MenuRepository.swift */; };
		3BAD92AB2E493AA6009DCBAE /* RecipeRepository.swift in Sources */ = {isa = PBXBuildFile; fileRef = 3BAD92842E493812009DCBAE /* RecipeRepository.swift */; };
		3BAD92AC2E493AA6009DCBAE /* Menu.swift in Sources */ = {isa = PBXBuildFile; fileRef = 3BAD92812E4937D4009DCBAE /* Menu.swift */; };
		3BAD92AD2E493AA6009DCBAE /* Recipe.swift in Sources */ = {isa = PBXBuildFile; fileRef = 3BAD92802E4937C9009DCBAE /* Recipe.swift */; };
		3BAD92AE2E493AA6009DCBAE /* WeeklyMenuApp.swift in Sources */ = {isa = PBXBuildFile; fileRef = 3BAD929B2E4939ED009DCBAE /* WeeklyMenuApp.swift */; };
		3BAD92B02E494333009DCBAE /* DeleteRecipeUseCase.swift in Sources */ = {isa = PBXBuildFile; fileRef = 3BAD92AF2E494333009DCBAE /* DeleteRecipeUseCase.swift */; };
		3BAD92B22E494456009DCBAE /* Tests.swift in Sources */ = {isa = PBXBuildFile; fileRef = 3BAD92B12E49443C009DCBAE /* Tests.swift */; };
		3BAD92B32E49449C009DCBAE /* MockMenuRepository.swift in Sources */ = {isa = PBXBuildFile; fileRef = 3BAD928A2E4938E5009DCBAE /* MockMenuRepository.swift */; };
		3BAD92B42E49449C009DCBAE /* MockRecipeRepository.swift in Sources */ = {isa = PBXBuildFile; fileRef = 3BAD92892E4938B8009DCBAE /* MockRecipeRepository.swift */; };
		3BAD92BB2E494F01009DCBAE /* RecipesFlowBlankStateTests.swift in Sources */ = {isa = PBXBuildFile; fileRef = 3BAD92B82E494EAD009DCBAE /* RecipesFlowBlankStateTests.swift */; };
		3BAD92BC2E494F01009DCBAE /* MenuFlowSeededTests.swift in Sources */ = {isa = PBXBuildFile; fileRef = 3BAD92B92E494EC1009DCBAE /* MenuFlowSeededTests.swift */; };
		3BAD92BD2E494F01009DCBAE /* UITestBase.swift in Sources */ = {isa = PBXBuildFile; fileRef = 3BAD92B72E494EA4009DCBAE /* UITestBase.swift */; };
		3BAD92BE2E494F01009DCBAE /* RecipesAddOnSeededTests.swift in Sources */ = {isa = PBXBuildFile; fileRef = 3BAD92BA2E494ED3009DCBAE /* RecipesAddOnSeededTests.swift */; };
/* End PBXBuildFile section */

/* Begin PBXContainerItemProxy section */
		3B5E9E892AE07F9D00293473 /* PBXContainerItemProxy */ = {
			isa = PBXContainerItemProxy;
			containerPortal = 3B5E9E6C2AE07F9B00293473 /* Project object */;
			proxyType = 1;
			remoteGlobalIDString = 3B5E9E732AE07F9B00293473;
			remoteInfo = whattomake;
		};
		3B5E9E932AE07F9D00293473 /* PBXContainerItemProxy */ = {
			isa = PBXContainerItemProxy;
			containerPortal = 3B5E9E6C2AE07F9B00293473 /* Project object */;
			proxyType = 1;
			remoteGlobalIDString = 3B5E9E732AE07F9B00293473;
			remoteInfo = whattomake;
		};
/* End PBXContainerItemProxy section */

/* Begin PBXFileReference section */
		3B47D5F42E4962CE00E22A4B /* AddRecipeViewModelTests.swift */ = {isa = PBXFileReference; lastKnownFileType = sourcecode.swift; path = AddRecipeViewModelTests.swift; sourceTree = "<group>"; };
		3B47D5F62E49662F00E22A4B /* CountRecipesUseCase.swift */ = {isa = PBXFileReference; lastKnownFileType = sourcecode.swift; path = CountRecipesUseCase.swift; sourceTree = "<group>"; };
		3B47D5F82E49673300E22A4B /* GenerateMenuViewModelTests.swift */ = {isa = PBXFileReference; lastKnownFileType = sourcecode.swift; path = GenerateMenuViewModelTests.swift; sourceTree = "<group>"; };
		3B47D5FB2E49698000E22A4B /* DebugTools.swift */ = {isa = PBXFileReference; lastKnownFileType = sourcecode.swift; path = DebugTools.swift; sourceTree = "<group>"; };
		3B47D5FD2E49698900E22A4B /* DebugMenuView.swift */ = {isa = PBXFileReference; lastKnownFileType = sourcecode.swift; path = DebugMenuView.swift; sourceTree = "<group>"; };
		3B47D5FF2E496CB400E22A4B /* AppState.swift */ = {isa = PBXFileReference; lastKnownFileType = sourcecode.swift; path = AppState.swift; sourceTree = "<group>"; };
		3B5E9E742AE07F9B00293473 /* whattomake.app */ = {isa = PBXFileReference; explicitFileType = wrapper.application; includeInIndex = 0; path = whattomake.app; sourceTree = BUILT_PRODUCTS_DIR; };
		3B5E9E7D2AE07F9D00293473 /* Assets.xcassets */ = {isa = PBXFileReference; lastKnownFileType = folder.assetcatalog; path = Assets.xcassets; sourceTree = "<group>"; };
		3B5E9E802AE07F9D00293473 /* Preview Assets.xcassets */ = {isa = PBXFileReference; lastKnownFileType = folder.assetcatalog; path = "Preview Assets.xcassets"; sourceTree = "<group>"; };
		3B5E9E822AE07F9D00293473 /* whattomake.entitlements */ = {isa = PBXFileReference; lastKnownFileType = text.plist.entitlements; path = whattomake.entitlements; sourceTree = "<group>"; };
		3B5E9E832AE07F9D00293473 /* Info.plist */ = {isa = PBXFileReference; lastKnownFileType = text.plist.xml; path = Info.plist; sourceTree = "<group>"; };
		3B5E9E882AE07F9D00293473 /* whattomakeTests.xctest */ = {isa = PBXFileReference; explicitFileType = wrapper.cfbundle; includeInIndex = 0; path = whattomakeTests.xctest; sourceTree = BUILT_PRODUCTS_DIR; };
		3B5E9E922AE07F9D00293473 /* whattomakeUITests.xctest */ = {isa = PBXFileReference; explicitFileType = wrapper.cfbundle; includeInIndex = 0; path = whattomakeUITests.xctest; sourceTree = BUILT_PRODUCTS_DIR; };
		3BAD92802E4937C9009DCBAE /* Recipe.swift */ = {isa = PBXFileReference; lastKnownFileType = sourcecode.swift; path = Recipe.swift; sourceTree = "<group>"; };
		3BAD92812E4937D4009DCBAE /* Menu.swift */ = {isa = PBXFileReference; lastKnownFileType = sourcecode.swift; path = Menu.swift; sourceTree = "<group>"; };
		3BAD92842E493812009DCBAE /* RecipeRepository.swift */ = {isa = PBXFileReference; lastKnownFileType = sourcecode.swift; path = RecipeRepository.swift; sourceTree = "<group>"; };
		3BAD92852E49381D009DCBAE /* MenuRepository.swift */ = {isa = PBXFileReference; lastKnownFileType = sourcecode.swift; path = MenuRepository.swift; sourceTree = "<group>"; };
		3BAD92862E493824009DCBAE /* SwiftDataRecipeRepository.swift */ = {isa = PBXFileReference; lastKnownFileType = sourcecode.swift; path = SwiftDataRecipeRepository.swift; sourceTree = "<group>"; };
		3BAD92872E49382C009DCBAE /* SwiftDataMenuRepository.swift */ = {isa = PBXFileReference; lastKnownFileType = sourcecode.swift; path = SwiftDataMenuRepository.swift; sourceTree = "<group>"; };
		3BAD92892E4938B8009DCBAE /* MockRecipeRepository.swift */ = {isa = PBXFileReference; lastKnownFileType = sourcecode.swift; path = MockRecipeRepository.swift; sourceTree = "<group>"; };
		3BAD928A2E4938E5009DCBAE /* MockMenuRepository.swift */ = {isa = PBXFileReference; lastKnownFileType = sourcecode.swift; path = MockMenuRepository.swift; sourceTree = "<group>"; };
		3BAD928D2E493919009DCBAE /* RecipeError.swift */ = {isa = PBXFileReference; lastKnownFileType = sourcecode.swift; path = RecipeError.swift; sourceTree = "<group>"; };
		3BAD928E2E49391F009DCBAE /* MenuError.swift */ = {isa = PBXFileReference; lastKnownFileType = sourcecode.swift; path = MenuError.swift; sourceTree = "<group>"; };
		3BAD928F2E493926009DCBAE /* AddRecipeUseCase.swift */ = {isa = PBXFileReference; lastKnownFileType = sourcecode.swift; path = AddRecipeUseCase.swift; sourceTree = "<group>"; };
		3BAD92902E49392D009DCBAE /* FetchRecipesUseCase.swift */ = {isa = PBXFileReference; lastKnownFileType = sourcecode.swift; path = FetchRecipesUseCase.swift; sourceTree = "<group>"; };
		3BAD92912E493935009DCBAE /* GenerateMenuUseCase.swift */ = {isa = PBXFileReference; lastKnownFileType = sourcecode.swift; path = GenerateMenuUseCase.swift; sourceTree = "<group>"; };
		3BAD92922E49393D009DCBAE /* FetchMenusUseCase.swift */ = {isa = PBXFileReference; lastKnownFileType = sourcecode.swift; path = FetchMenusUseCase.swift; sourceTree = "<group>"; };
		3BAD92942E49397E009DCBAE /* AddRecipeViewModel.swift */ = {isa = PBXFileReference; lastKnownFileType = sourcecode.swift; path = AddRecipeViewModel.swift; sourceTree = "<group>"; };
		3BAD92952E4939AD009DCBAE /* RecipesListViewModel.swift */ = {isa = PBXFileReference; lastKnownFileType = sourcecode.swift; path = RecipesListViewModel.swift; sourceTree = "<group>"; };
		3BAD92962E4939B5009DCBAE /* GenerateMenuViewModel.swift */ = {isa = PBXFileReference; lastKnownFileType = sourcecode.swift; path = GenerateMenuViewModel.swift; sourceTree = "<group>"; };
		3BAD92982E4939C8009DCBAE /* AddRecipeView.swift */ = {isa = PBXFileReference; lastKnownFileType = sourcecode.swift; path = AddRecipeView.swift; sourceTree = "<group>"; };
		3BAD92992E4939D3009DCBAE /* RecipesListView.swift */ = {isa = PBXFileReference; lastKnownFileType = sourcecode.swift; path = RecipesListView.swift; sourceTree = "<group>"; };
		3BAD929A2E4939DB009DCBAE /* GenerateMenuView.swift */ = {isa = PBXFileReference; lastKnownFileType = sourcecode.swift; path = GenerateMenuView.swift; sourceTree = "<group>"; };
		3BAD929B2E4939ED009DCBAE /* WeeklyMenuApp.swift */ = {isa = PBXFileReference; lastKnownFileType = sourcecode.swift; path = WeeklyMenuApp.swift; sourceTree = "<group>"; };
		3BAD92AF2E494333009DCBAE /* DeleteRecipeUseCase.swift */ = {isa = PBXFileReference; lastKnownFileType = sourcecode.swift; path = DeleteRecipeUseCase.swift; sourceTree = "<group>"; };
		3BAD92B12E49443C009DCBAE /* Tests.swift */ = {isa = PBXFileReference; lastKnownFileType = sourcecode.swift; path = Tests.swift; sourceTree = "<group>"; };
		3BAD92B72E494EA4009DCBAE /* UITestBase.swift */ = {isa = PBXFileReference; lastKnownFileType = sourcecode.swift; path = UITestBase.swift; sourceTree = "<group>"; };
		3BAD92B82E494EAD009DCBAE /* RecipesFlowBlankStateTests.swift */ = {isa = PBXFileReference; lastKnownFileType = sourcecode.swift; path = RecipesFlowBlankStateTests.swift; sourceTree = "<group>"; };
		3BAD92B92E494EC1009DCBAE /* MenuFlowSeededTests.swift */ = {isa = PBXFileReference; lastKnownFileType = sourcecode.swift; path = MenuFlowSeededTests.swift; sourceTree = "<group>"; };
		3BAD92BA2E494ED3009DCBAE /* RecipesAddOnSeededTests.swift */ = {isa = PBXFileReference; lastKnownFileType = sourcecode.swift; path = RecipesAddOnSeededTests.swift; sourceTree = "<group>"; };
/* End PBXFileReference section */

/* Begin PBXFrameworksBuildPhase section */
		3B5E9E712AE07F9B00293473 /* Frameworks */ = {
			isa = PBXFrameworksBuildPhase;
			buildActionMask = 2147483647;
			files = (
			);
			runOnlyForDeploymentPostprocessing = 0;
		};
		3B5E9E852AE07F9D00293473 /* Frameworks */ = {
			isa = PBXFrameworksBuildPhase;
			buildActionMask = 2147483647;
			files = (
			);
			runOnlyForDeploymentPostprocessing = 0;
		};
		3B5E9E8F2AE07F9D00293473 /* Frameworks */ = {
			isa = PBXFrameworksBuildPhase;
			buildActionMask = 2147483647;
			files = (
			);
			runOnlyForDeploymentPostprocessing = 0;
		};
/* End PBXFrameworksBuildPhase section */

/* Begin PBXGroup section */
		3B47D5FA2E49697000E22A4B /* DebugMenu */ = {
			isa = PBXGroup;
			children = (
				3B47D5FF2E496CB400E22A4B /* AppState.swift */,
				3B47D5FD2E49698900E22A4B /* DebugMenuView.swift */,
				3B47D5FB2E49698000E22A4B /* DebugTools.swift */,
			);
			path = DebugMenu;
			sourceTree = "<group>";
		};
		3B5E9E6B2AE07F9B00293473 = {
			isa = PBXGroup;
			children = (
				3B5E9E762AE07F9B00293473 /* Sources */,
				3B5E9EA52AE0850A00293473 /* Supporting Files */,
				3B5E9E8B2AE07F9D00293473 /* Tests */,
				3B5E9E952AE07F9D00293473 /* UITests */,
				3B5E9E752AE07F9B00293473 /* Products */,
			);
			sourceTree = "<group>";
		};
		3B5E9E752AE07F9B00293473 /* Products */ = {
			isa = PBXGroup;
			children = (
				3B5E9E742AE07F9B00293473 /* whattomake.app */,
				3B5E9E882AE07F9D00293473 /* whattomakeTests.xctest */,
				3B5E9E922AE07F9D00293473 /* whattomakeUITests.xctest */,
			);
			name = Products;
			sourceTree = "<group>";
		};
		3B5E9E762AE07F9B00293473 /* Sources */ = {
			isa = PBXGroup;
			children = (
				3BAD92972E4939BD009DCBAE /* Views */,
				3BAD92932E493971009DCBAE /* ViewModels */,
				3BAD928B2E49390A009DCBAE /* UseCases */,
				3BAD92832E4937F6009DCBAE /* Repositories */,
				3B5E9EA72AE08B3F00293473 /* Models */,
				3B5E9EA62AE0853000293473 /* Application */,
				3B47D5FA2E49697000E22A4B /* DebugMenu */,
			);
			path = Sources;
			sourceTree = "<group>";
		};
		3B5E9E7F2AE07F9D00293473 /* Preview Content */ = {
			isa = PBXGroup;
			children = (
				3B5E9E802AE07F9D00293473 /* Preview Assets.xcassets */,
			);
			path = "Preview Content";
			sourceTree = "<group>";
		};
		3B5E9E8B2AE07F9D00293473 /* Tests */ = {
			isa = PBXGroup;
			children = (
				3B47D5F82E49673300E22A4B /* GenerateMenuViewModelTests.swift */,
				3B47D5F42E4962CE00E22A4B /* AddRecipeViewModelTests.swift */,
				3BAD92B12E49443C009DCBAE /* Tests.swift */,
				3BAD92882E4938B6009DCBAE /* Mocks */,
			);
			path = Tests;
			sourceTree = "<group>";
		};
		3B5E9E952AE07F9D00293473 /* UITests */ = {
			isa = PBXGroup;
			children = (
				3BAD92BA2E494ED3009DCBAE /* RecipesAddOnSeededTests.swift */,
				3BAD92B92E494EC1009DCBAE /* MenuFlowSeededTests.swift */,
				3BAD92B82E494EAD009DCBAE /* RecipesFlowBlankStateTests.swift */,
				3BAD92B72E494EA4009DCBAE /* UITestBase.swift */,
			);
			path = UITests;
			sourceTree = "<group>";
		};
		3B5E9EA52AE0850A00293473 /* Supporting Files */ = {
			isa = PBXGroup;
			children = (
				3B5E9E7D2AE07F9D00293473 /* Assets.xcassets */,
				3B5E9E822AE07F9D00293473 /* whattomake.entitlements */,
				3B5E9E832AE07F9D00293473 /* Info.plist */,
				3B5E9E7F2AE07F9D00293473 /* Preview Content */,
			);
			path = "Supporting Files";
			sourceTree = "<group>";
		};
		3B5E9EA62AE0853000293473 /* Application */ = {
			isa = PBXGroup;
			children = (
				3BAD929B2E4939ED009DCBAE /* WeeklyMenuApp.swift */,
			);
			path = Application;
			sourceTree = "<group>";
		};
		3B5E9EA72AE08B3F00293473 /* Models */ = {
			isa = PBXGroup;
			children = (
				3BAD92812E4937D4009DCBAE /* Menu.swift */,
				3BAD92802E4937C9009DCBAE /* Recipe.swift */,
			);
			path = Models;
			sourceTree = "<group>";
		};
		3BAD92832E4937F6009DCBAE /* Repositories */ = {
			isa = PBXGroup;
			children = (
				3BAD92872E49382C009DCBAE /* SwiftDataMenuRepository.swift */,
				3BAD92862E493824009DCBAE /* SwiftDataRecipeRepository.swift */,
				3BAD92852E49381D009DCBAE /* MenuRepository.swift */,
				3BAD92842E493812009DCBAE /* RecipeRepository.swift */,
			);
			path = Repositories;
			sourceTree = "<group>";
		};
		3BAD92882E4938B6009DCBAE /* Mocks */ = {
			isa = PBXGroup;
			children = (
				3BAD928A2E4938E5009DCBAE /* MockMenuRepository.swift */,
				3BAD92892E4938B8009DCBAE /* MockRecipeRepository.swift */,
			);
			path = Mocks;
			sourceTree = "<group>";
		};
		3BAD928B2E49390A009DCBAE /* UseCases */ = {
			isa = PBXGroup;
			children = (
				3B47D5F62E49662F00E22A4B /* CountRecipesUseCase.swift */,
				3BAD92AF2E494333009DCBAE /* DeleteRecipeUseCase.swift */,
				3BAD92922E49393D009DCBAE /* FetchMenusUseCase.swift */,
				3BAD92912E493935009DCBAE /* GenerateMenuUseCase.swift */,
				3BAD92902E49392D009DCBAE /* FetchRecipesUseCase.swift */,
				3BAD928F2E493926009DCBAE /* AddRecipeUseCase.swift */,
				3BAD928C2E493910009DCBAE /* Errors */,
			);
			path = UseCases;
			sourceTree = "<group>";
		};
		3BAD928C2E493910009DCBAE /* Errors */ = {
			isa = PBXGroup;
			children = (
				3BAD928E2E49391F009DCBAE /* MenuError.swift */,
				3BAD928D2E493919009DCBAE /* RecipeError.swift */,
			);
			path = Errors;
			sourceTree = "<group>";
		};
		3BAD92932E493971009DCBAE /* ViewModels */ = {
			isa = PBXGroup;
			children = (
				3BAD92962E4939B5009DCBAE /* GenerateMenuViewModel.swift */,
				3BAD92952E4939AD009DCBAE /* RecipesListViewModel.swift */,
				3BAD92942E49397E009DCBAE /* AddRecipeViewModel.swift */,
			);
			path = ViewModels;
			sourceTree = "<group>";
		};
		3BAD92972E4939BD009DCBAE /* Views */ = {
			isa = PBXGroup;
			children = (
				3BAD929A2E4939DB009DCBAE /* GenerateMenuView.swift */,
				3BAD92992E4939D3009DCBAE /* RecipesListView.swift */,
				3BAD92982E4939C8009DCBAE /* AddRecipeView.swift */,
			);
			path = Views;
			sourceTree = "<group>";
		};
/* End PBXGroup section */

/* Begin PBXNativeTarget section */
		3B5E9E732AE07F9B00293473 /* whattomake */ = {
			isa = PBXNativeTarget;
			buildConfigurationList = 3B5E9E9C2AE07F9D00293473 /* Build configuration list for PBXNativeTarget "whattomake" */;
			buildPhases = (
				3B5E9E702AE07F9B00293473 /* Sources */,
				3B5E9E712AE07F9B00293473 /* Frameworks */,
				3B5E9E722AE07F9B00293473 /* Resources */,
			);
			buildRules = (
			);
			dependencies = (
			);
			name = whattomake;
			productName = whattomake;
			productReference = 3B5E9E742AE07F9B00293473 /* whattomake.app */;
			productType = "com.apple.product-type.application";
		};
		3B5E9E872AE07F9D00293473 /* whattomakeTests */ = {
			isa = PBXNativeTarget;
			buildConfigurationList = 3B5E9E9F2AE07F9D00293473 /* Build configuration list for PBXNativeTarget "whattomakeTests" */;
			buildPhases = (
				3B5E9E842AE07F9D00293473 /* Sources */,
				3B5E9E852AE07F9D00293473 /* Frameworks */,
				3B5E9E862AE07F9D00293473 /* Resources */,
			);
			buildRules = (
			);
			dependencies = (
				3B5E9E8A2AE07F9D00293473 /* PBXTargetDependency */,
			);
			name = whattomakeTests;
			productName = whattomakeTests;
			productReference = 3B5E9E882AE07F9D00293473 /* whattomakeTests.xctest */;
			productType = "com.apple.product-type.bundle.unit-test";
		};
		3B5E9E912AE07F9D00293473 /* whattomakeUITests */ = {
			isa = PBXNativeTarget;
			buildConfigurationList = 3B5E9EA22AE07F9D00293473 /* Build configuration list for PBXNativeTarget "whattomakeUITests" */;
			buildPhases = (
				3B5E9E8E2AE07F9D00293473 /* Sources */,
				3B5E9E8F2AE07F9D00293473 /* Frameworks */,
				3B5E9E902AE07F9D00293473 /* Resources */,
			);
			buildRules = (
			);
			dependencies = (
				3B5E9E942AE07F9D00293473 /* PBXTargetDependency */,
			);
			name = whattomakeUITests;
			productName = whattomakeUITests;
			productReference = 3B5E9E922AE07F9D00293473 /* whattomakeUITests.xctest */;
			productType = "com.apple.product-type.bundle.ui-testing";
		};
/* End PBXNativeTarget section */

/* Begin PBXProject section */
		3B5E9E6C2AE07F9B00293473 /* Project object */ = {
			isa = PBXProject;
			attributes = {
				BuildIndependentTargetsInParallel = 1;
				LastSwiftUpdateCheck = 1500;
				LastUpgradeCheck = 1640;
				TargetAttributes = {
					3B5E9E732AE07F9B00293473 = {
						CreatedOnToolsVersion = 15.0;
					};
					3B5E9E872AE07F9D00293473 = {
						CreatedOnToolsVersion = 15.0;
						TestTargetID = 3B5E9E732AE07F9B00293473;
					};
					3B5E9E912AE07F9D00293473 = {
						CreatedOnToolsVersion = 15.0;
						TestTargetID = 3B5E9E732AE07F9B00293473;
					};
				};
			};
			buildConfigurationList = 3B5E9E6F2AE07F9B00293473 /* Build configuration list for PBXProject "whattomake" */;
			compatibilityVersion = "Xcode 14.0";
			developmentRegion = en;
			hasScannedForEncodings = 0;
			knownRegions = (
				en,
				Base,
			);
			mainGroup = 3B5E9E6B2AE07F9B00293473;
			productRefGroup = 3B5E9E752AE07F9B00293473 /* Products */;
			projectDirPath = "";
			projectRoot = "";
			targets = (
				3B5E9E732AE07F9B00293473 /* whattomake */,
				3B5E9E872AE07F9D00293473 /* whattomakeTests */,
				3B5E9E912AE07F9D00293473 /* whattomakeUITests */,
			);
		};
/* End PBXProject section */

/* Begin PBXResourcesBuildPhase section */
		3B5E9E722AE07F9B00293473 /* Resources */ = {
			isa = PBXResourcesBuildPhase;
			buildActionMask = 2147483647;
			files = (
				3B5E9E812AE07F9D00293473 /* Preview Assets.xcassets in Resources */,
				3B5E9E7E2AE07F9D00293473 /* Assets.xcassets in Resources */,
			);
			runOnlyForDeploymentPostprocessing = 0;
		};
		3B5E9E862AE07F9D00293473 /* Resources */ = {
			isa = PBXResourcesBuildPhase;
			buildActionMask = 2147483647;
			files = (
			);
			runOnlyForDeploymentPostprocessing = 0;
		};
		3B5E9E902AE07F9D00293473 /* Resources */ = {
			isa = PBXResourcesBuildPhase;
			buildActionMask = 2147483647;
			files = (
			);
			runOnlyForDeploymentPostprocessing = 0;
		};
/* End PBXResourcesBuildPhase section */

/* Begin PBXSourcesBuildPhase section */
		3B5E9E702AE07F9B00293473 /* Sources */ = {
			isa = PBXSourcesBuildPhase;
			buildActionMask = 2147483647;
			files = (
				3BAD929C2E493AA6009DCBAE /* GenerateMenuView.swift in Sources */,
				3BAD929D2E493AA6009DCBAE /* RecipesListView.swift in Sources */,
				3BAD929E2E493AA6009DCBAE /* AddRecipeView.swift in Sources */,
				3B47D6002E496CB400E22A4B /* AppState.swift in Sources */,
				3BAD929F2E493AA6009DCBAE /* GenerateMenuViewModel.swift in Sources */,
				3BAD92B02E494333009DCBAE /* DeleteRecipeUseCase.swift in Sources */,
				3BAD92A02E493AA6009DCBAE /* RecipesListViewModel.swift in Sources */,
				3BAD92A12E493AA6009DCBAE /* AddRecipeViewModel.swift in Sources */,
				3BAD92A22E493AA6009DCBAE /* FetchMenusUseCase.swift in Sources */,
				3BAD92A32E493AA6009DCBAE /* GenerateMenuUseCase.swift in Sources */,
				3BAD92A42E493AA6009DCBAE /* FetchRecipesUseCase.swift in Sources */,
				3BAD92A52E493AA6009DCBAE /* AddRecipeUseCase.swift in Sources */,
				3BAD92A62E493AA6009DCBAE /* MenuError.swift in Sources */,
				3B47D5F72E49662F00E22A4B /* CountRecipesUseCase.swift in Sources */,
				3BAD92A72E493AA6009DCBAE /* RecipeError.swift in Sources */,
				3BAD92A82E493AA6009DCBAE /* SwiftDataMenuRepository.swift in Sources */,
				3BAD92A92E493AA6009DCBAE /* SwiftDataRecipeRepository.swift in Sources */,
				3BAD92AA2E493AA6009DCBAE /* MenuRepository.swift in Sources */,
				3B47D5FE2E49698900E22A4B /* DebugMenuView.swift in Sources */,
				3BAD92AB2E493AA6009DCBAE /* RecipeRepository.swift in Sources */,
				3BAD92AC2E493AA6009DCBAE /* Menu.swift in Sources */,
				3BAD92AD2E493AA6009DCBAE /* Recipe.swift in Sources */,
				3BAD92AE2E493AA6009DCBAE /* WeeklyMenuApp.swift in Sources */,
				3B47D5FC2E49698000E22A4B /* DebugTools.swift in Sources */,
			);
			runOnlyForDeploymentPostprocessing = 0;
		};
		3B5E9E842AE07F9D00293473 /* Sources */ = {
			isa = PBXSourcesBuildPhase;
			buildActionMask = 2147483647;
			files = (
				3B47D5F92E49673300E22A4B /* GenerateMenuViewModelTests.swift in Sources */,
				3B47D5F52E4962CE00E22A4B /* AddRecipeViewModelTests.swift in Sources */,
				3BAD92B22E494456009DCBAE /* Tests.swift in Sources */,
				3BAD92B32E49449C009DCBAE /* MockMenuRepository.swift in Sources */,
				3BAD92B42E49449C009DCBAE /* MockRecipeRepository.swift in Sources */,
			);
			runOnlyForDeploymentPostprocessing = 0;
		};
		3B5E9E8E2AE07F9D00293473 /* Sources */ = {
			isa = PBXSourcesBuildPhase;
			buildActionMask = 2147483647;
			files = (
				3BAD92BB2E494F01009DCBAE /* RecipesFlowBlankStateTests.swift in Sources */,
				3BAD92BC2E494F01009DCBAE /* MenuFlowSeededTests.swift in Sources */,
				3BAD92BD2E494F01009DCBAE /* UITestBase.swift in Sources */,
				3BAD92BE2E494F01009DCBAE /* RecipesAddOnSeededTests.swift in Sources */,
			);
			runOnlyForDeploymentPostprocessing = 0;
		};
/* End PBXSourcesBuildPhase section */

/* Begin PBXTargetDependency section */
		3B5E9E8A2AE07F9D00293473 /* PBXTargetDependency */ = {
			isa = PBXTargetDependency;
			target = 3B5E9E732AE07F9B00293473 /* whattomake */;
			targetProxy = 3B5E9E892AE07F9D00293473 /* PBXContainerItemProxy */;
		};
		3B5E9E942AE07F9D00293473 /* PBXTargetDependency */ = {
			isa = PBXTargetDependency;
			target = 3B5E9E732AE07F9B00293473 /* whattomake */;
			targetProxy = 3B5E9E932AE07F9D00293473 /* PBXContainerItemProxy */;
		};
/* End PBXTargetDependency section */

/* Begin XCBuildConfiguration section */
		3B5E9E9A2AE07F9D00293473 /* Debug */ = {
			isa = XCBuildConfiguration;
			buildSettings = {
				ALWAYS_SEARCH_USER_PATHS = NO;
				ASSETCATALOG_COMPILER_GENERATE_SWIFT_ASSET_SYMBOL_EXTENSIONS = YES;
				CLANG_ANALYZER_NONNULL = YES;
				CLANG_ANALYZER_NUMBER_OBJECT_CONVERSION = YES_AGGRESSIVE;
				CLANG_CXX_LANGUAGE_STANDARD = "gnu++20";
				CLANG_ENABLE_MODULES = YES;
				CLANG_ENABLE_OBJC_ARC = YES;
				CLANG_ENABLE_OBJC_WEAK = YES;
				CLANG_WARN_BLOCK_CAPTURE_AUTORELEASING = YES;
				CLANG_WARN_BOOL_CONVERSION = YES;
				CLANG_WARN_COMMA = YES;
				CLANG_WARN_CONSTANT_CONVERSION = YES;
				CLANG_WARN_DEPRECATED_OBJC_IMPLEMENTATIONS = YES;
				CLANG_WARN_DIRECT_OBJC_ISA_USAGE = YES_ERROR;
				CLANG_WARN_DOCUMENTATION_COMMENTS = YES;
				CLANG_WARN_EMPTY_BODY = YES;
				CLANG_WARN_ENUM_CONVERSION = YES;
				CLANG_WARN_INFINITE_RECURSION = YES;
				CLANG_WARN_INT_CONVERSION = YES;
				CLANG_WARN_NON_LITERAL_NULL_CONVERSION = YES;
				CLANG_WARN_OBJC_IMPLICIT_RETAIN_SELF = YES;
				CLANG_WARN_OBJC_LITERAL_CONVERSION = YES;
				CLANG_WARN_OBJC_ROOT_CLASS = YES_ERROR;
				CLANG_WARN_QUOTED_INCLUDE_IN_FRAMEWORK_HEADER = YES;
				CLANG_WARN_RANGE_LOOP_ANALYSIS = YES;
				CLANG_WARN_STRICT_PROTOTYPES = YES;
				CLANG_WARN_SUSPICIOUS_MOVE = YES;
				CLANG_WARN_UNGUARDED_AVAILABILITY = YES_AGGRESSIVE;
				CLANG_WARN_UNREACHABLE_CODE = YES;
				CLANG_WARN__DUPLICATE_METHOD_MATCH = YES;
				COPY_PHASE_STRIP = NO;
				DEBUG_INFORMATION_FORMAT = dwarf;
				DEVELOPMENT_TEAM = 24CTGGM78R;
				ENABLE_STRICT_OBJC_MSGSEND = YES;
				ENABLE_TESTABILITY = YES;
				ENABLE_USER_SCRIPT_SANDBOXING = YES;
				GCC_C_LANGUAGE_STANDARD = gnu17;
				GCC_DYNAMIC_NO_PIC = NO;
				GCC_NO_COMMON_BLOCKS = YES;
				GCC_OPTIMIZATION_LEVEL = 0;
				GCC_PREPROCESSOR_DEFINITIONS = (
					"DEBUG=1",
					"$(inherited)",
				);
				GCC_WARN_64_TO_32_BIT_CONVERSION = YES;
				GCC_WARN_ABOUT_RETURN_TYPE = YES_ERROR;
				GCC_WARN_UNDECLARED_SELECTOR = YES;
				GCC_WARN_UNINITIALIZED_AUTOS = YES_AGGRESSIVE;
				GCC_WARN_UNUSED_FUNCTION = YES;
				GCC_WARN_UNUSED_VARIABLE = YES;
				IPHONEOS_DEPLOYMENT_TARGET = 17.0;
				LOCALIZATION_PREFERS_STRING_CATALOGS = YES;
				MTL_ENABLE_DEBUG_INFO = INCLUDE_SOURCE;
				MTL_FAST_MATH = YES;
				ONLY_ACTIVE_ARCH = YES;
				SDKROOT = iphoneos;
				SWIFT_ACTIVE_COMPILATION_CONDITIONS = "DEBUG $(inherited)";
				SWIFT_OPTIMIZATION_LEVEL = "-Onone";
			};
			name = Debug;
		};
		3B5E9E9B2AE07F9D00293473 /* Release */ = {
			isa = XCBuildConfiguration;
			buildSettings = {
				ALWAYS_SEARCH_USER_PATHS = NO;
				ASSETCATALOG_COMPILER_GENERATE_SWIFT_ASSET_SYMBOL_EXTENSIONS = YES;
				CLANG_ANALYZER_NONNULL = YES;
				CLANG_ANALYZER_NUMBER_OBJECT_CONVERSION = YES_AGGRESSIVE;
				CLANG_CXX_LANGUAGE_STANDARD = "gnu++20";
				CLANG_ENABLE_MODULES = YES;
				CLANG_ENABLE_OBJC_ARC = YES;
				CLANG_ENABLE_OBJC_WEAK = YES;
				CLANG_WARN_BLOCK_CAPTURE_AUTORELEASING = YES;
				CLANG_WARN_BOOL_CONVERSION = YES;
				CLANG_WARN_COMMA = YES;
				CLANG_WARN_CONSTANT_CONVERSION = YES;
				CLANG_WARN_DEPRECATED_OBJC_IMPLEMENTATIONS = YES;
				CLANG_WARN_DIRECT_OBJC_ISA_USAGE = YES_ERROR;
				CLANG_WARN_DOCUMENTATION_COMMENTS = YES;
				CLANG_WARN_EMPTY_BODY = YES;
				CLANG_WARN_ENUM_CONVERSION = YES;
				CLANG_WARN_INFINITE_RECURSION = YES;
				CLANG_WARN_INT_CONVERSION = YES;
				CLANG_WARN_NON_LITERAL_NULL_CONVERSION = YES;
				CLANG_WARN_OBJC_IMPLICIT_RETAIN_SELF = YES;
				CLANG_WARN_OBJC_LITERAL_CONVERSION = YES;
				CLANG_WARN_OBJC_ROOT_CLASS = YES_ERROR;
				CLANG_WARN_QUOTED_INCLUDE_IN_FRAMEWORK_HEADER = YES;
				CLANG_WARN_RANGE_LOOP_ANALYSIS = YES;
				CLANG_WARN_STRICT_PROTOTYPES = YES;
				CLANG_WARN_SUSPICIOUS_MOVE = YES;
				CLANG_WARN_UNGUARDED_AVAILABILITY = YES_AGGRESSIVE;
				CLANG_WARN_UNREACHABLE_CODE = YES;
				CLANG_WARN__DUPLICATE_METHOD_MATCH = YES;
				COPY_PHASE_STRIP = NO;
				DEBUG_INFORMATION_FORMAT = "dwarf-with-dsym";
				DEVELOPMENT_TEAM = 24CTGGM78R;
				ENABLE_NS_ASSERTIONS = NO;
				ENABLE_STRICT_OBJC_MSGSEND = YES;
				ENABLE_USER_SCRIPT_SANDBOXING = YES;
				GCC_C_LANGUAGE_STANDARD = gnu17;
				GCC_NO_COMMON_BLOCKS = YES;
				GCC_WARN_64_TO_32_BIT_CONVERSION = YES;
				GCC_WARN_ABOUT_RETURN_TYPE = YES_ERROR;
				GCC_WARN_UNDECLARED_SELECTOR = YES;
				GCC_WARN_UNINITIALIZED_AUTOS = YES_AGGRESSIVE;
				GCC_WARN_UNUSED_FUNCTION = YES;
				GCC_WARN_UNUSED_VARIABLE = YES;
				IPHONEOS_DEPLOYMENT_TARGET = 17.0;
				LOCALIZATION_PREFERS_STRING_CATALOGS = YES;
				MTL_ENABLE_DEBUG_INFO = NO;
				MTL_FAST_MATH = YES;
				SDKROOT = iphoneos;
				SWIFT_COMPILATION_MODE = wholemodule;
				VALIDATE_PRODUCT = YES;
			};
			name = Release;
		};
		3B5E9E9D2AE07F9D00293473 /* Debug */ = {
			isa = XCBuildConfiguration;
			buildSettings = {
				ASSETCATALOG_COMPILER_APPICON_NAME = AppIcon;
				ASSETCATALOG_COMPILER_GLOBAL_ACCENT_COLOR_NAME = AccentColor;
				CODE_SIGN_ENTITLEMENTS = "Supporting Files/whattomake.entitlements";
				CODE_SIGN_STYLE = Automatic;
				CURRENT_PROJECT_VERSION = 1;
				DEVELOPMENT_ASSET_PATHS = "\"Supporting Files/Preview Content\"";
				ENABLE_PREVIEWS = YES;
				GENERATE_INFOPLIST_FILE = YES;
				INFOPLIST_FILE = "Supporting Files/Info.plist";
				INFOPLIST_KEY_CFBundleDisplayName = "What to Make";
				INFOPLIST_KEY_UIApplicationSceneManifest_Generation = YES;
				INFOPLIST_KEY_UIApplicationSupportsIndirectInputEvents = YES;
				INFOPLIST_KEY_UILaunchScreen_Generation = YES;
				INFOPLIST_KEY_UISupportedInterfaceOrientations = UIInterfaceOrientationPortrait;
				INFOPLIST_KEY_UISupportedInterfaceOrientations_iPad = "UIInterfaceOrientationLandscapeLeft UIInterfaceOrientationLandscapeRight UIInterfaceOrientationPortrait UIInterfaceOrientationPortraitUpsideDown";
				IPHONEOS_DEPLOYMENT_TARGET = 18.0;
				LD_RUNPATH_SEARCH_PATHS = (
					"$(inherited)",
					"@executable_path/Frameworks",
				);
				MARKETING_VERSION = 0.0.0;
				PRODUCT_BUNDLE_IDENTIFIER = amishpatel.whattomake;
				PRODUCT_NAME = "$(TARGET_NAME)";
				SWIFT_EMIT_LOC_STRINGS = YES;
				SWIFT_VERSION = 5.0;
				TARGETED_DEVICE_FAMILY = "1,2";
			};
			name = Debug;
		};
		3B5E9E9E2AE07F9D00293473 /* Release */ = {
			isa = XCBuildConfiguration;
			buildSettings = {
				ASSETCATALOG_COMPILER_APPICON_NAME = AppIcon;
				ASSETCATALOG_COMPILER_GLOBAL_ACCENT_COLOR_NAME = AccentColor;
				CODE_SIGN_ENTITLEMENTS = "Supporting Files/whattomake.entitlements";
				CODE_SIGN_STYLE = Automatic;
				CURRENT_PROJECT_VERSION = 1;
				DEVELOPMENT_ASSET_PATHS = "\"Supporting Files/Preview Content\"";
				ENABLE_PREVIEWS = YES;
				GENERATE_INFOPLIST_FILE = YES;
				INFOPLIST_FILE = "Supporting Files/Info.plist";
				INFOPLIST_KEY_CFBundleDisplayName = "What to Make";
				INFOPLIST_KEY_UIApplicationSceneManifest_Generation = YES;
				INFOPLIST_KEY_UIApplicationSupportsIndirectInputEvents = YES;
				INFOPLIST_KEY_UILaunchScreen_Generation = YES;
				INFOPLIST_KEY_UISupportedInterfaceOrientations = UIInterfaceOrientationPortrait;
				INFOPLIST_KEY_UISupportedInterfaceOrientations_iPad = "UIInterfaceOrientationLandscapeLeft UIInterfaceOrientationLandscapeRight UIInterfaceOrientationPortrait UIInterfaceOrientationPortraitUpsideDown";
				IPHONEOS_DEPLOYMENT_TARGET = 18.0;
				LD_RUNPATH_SEARCH_PATHS = (
					"$(inherited)",
					"@executable_path/Frameworks",
				);
				MARKETING_VERSION = 0.0.0;
				PRODUCT_BUNDLE_IDENTIFIER = amishpatel.whattomake;
				PRODUCT_NAME = "$(TARGET_NAME)";
				SWIFT_EMIT_LOC_STRINGS = YES;
				SWIFT_VERSION = 5.0;
				TARGETED_DEVICE_FAMILY = "1,2";
			};
			name = Release;
		};
		3B5E9EA02AE07F9D00293473 /* Debug */ = {
			isa = XCBuildConfiguration;
			buildSettings = {
				BUNDLE_LOADER = "$(TEST_HOST)";
				CODE_SIGN_STYLE = Automatic;
				CURRENT_PROJECT_VERSION = 1;
				GENERATE_INFOPLIST_FILE = YES;
				IPHONEOS_DEPLOYMENT_TARGET = 18.0;
				MARKETING_VERSION = 1.0;
				PRODUCT_BUNDLE_IDENTIFIER = amishpatel.whattomakeTests;
				PRODUCT_NAME = "$(TARGET_NAME)";
				SWIFT_EMIT_LOC_STRINGS = NO;
				SWIFT_VERSION = 5.0;
				TARGETED_DEVICE_FAMILY = "1,2";
				TEST_HOST = "$(BUILT_PRODUCTS_DIR)/whattomake.app/$(BUNDLE_EXECUTABLE_FOLDER_PATH)/whattomake";
			};
			name = Debug;
		};
		3B5E9EA12AE07F9D00293473 /* Release */ = {
			isa = XCBuildConfiguration;
			buildSettings = {
				BUNDLE_LOADER = "$(TEST_HOST)";
				CODE_SIGN_STYLE = Automatic;
				CURRENT_PROJECT_VERSION = 1;
				GENERATE_INFOPLIST_FILE = YES;
				IPHONEOS_DEPLOYMENT_TARGET = 18.0;
				MARKETING_VERSION = 1.0;
				PRODUCT_BUNDLE_IDENTIFIER = amishpatel.whattomakeTests;
				PRODUCT_NAME = "$(TARGET_NAME)";
				SWIFT_EMIT_LOC_STRINGS = NO;
				SWIFT_VERSION = 5.0;
				TARGETED_DEVICE_FAMILY = "1,2";
				TEST_HOST = "$(BUILT_PRODUCTS_DIR)/whattomake.app/$(BUNDLE_EXECUTABLE_FOLDER_PATH)/whattomake";
			};
			name = Release;
		};
		3B5E9EA32AE07F9D00293473 /* Debug */ = {
			isa = XCBuildConfiguration;
			buildSettings = {
				CODE_SIGN_STYLE = Automatic;
				CURRENT_PROJECT_VERSION = 1;
				GENERATE_INFOPLIST_FILE = YES;
				MARKETING_VERSION = 1.0;
				PRODUCT_BUNDLE_IDENTIFIER = amishpatel.whattomakeUITests;
				PRODUCT_NAME = "$(TARGET_NAME)";
				SWIFT_EMIT_LOC_STRINGS = NO;
				SWIFT_VERSION = 5.0;
				TARGETED_DEVICE_FAMILY = "1,2";
				TEST_TARGET_NAME = whattomake;
			};
			name = Debug;
		};
		3B5E9EA42AE07F9D00293473 /* Release */ = {
			isa = XCBuildConfiguration;
			buildSettings = {
				CODE_SIGN_STYLE = Automatic;
				CURRENT_PROJECT_VERSION = 1;
				GENERATE_INFOPLIST_FILE = YES;
				MARKETING_VERSION = 1.0;
				PRODUCT_BUNDLE_IDENTIFIER = amishpatel.whattomakeUITests;
				PRODUCT_NAME = "$(TARGET_NAME)";
				SWIFT_EMIT_LOC_STRINGS = NO;
				SWIFT_VERSION = 5.0;
				TARGETED_DEVICE_FAMILY = "1,2";
				TEST_TARGET_NAME = whattomake;
			};
			name = Release;
		};
/* End XCBuildConfiguration section */

/* Begin XCConfigurationList section */
		3B5E9E6F2AE07F9B00293473 /* Build configuration list for PBXProject "whattomake" */ = {
			isa = XCConfigurationList;
			buildConfigurations = (
				3B5E9E9A2AE07F9D00293473 /* Debug */,
				3B5E9E9B2AE07F9D00293473 /* Release */,
			);
			defaultConfigurationIsVisible = 0;
			defaultConfigurationName = Release;
		};
		3B5E9E9C2AE07F9D00293473 /* Build configuration list for PBXNativeTarget "whattomake" */ = {
			isa = XCConfigurationList;
			buildConfigurations = (
				3B5E9E9D2AE07F9D00293473 /* Debug */,
				3B5E9E9E2AE07F9D00293473 /* Release */,
			);
			defaultConfigurationIsVisible = 0;
			defaultConfigurationName = Release;
		};
		3B5E9E9F2AE07F9D00293473 /* Build configuration list for PBXNativeTarget "whattomakeTests" */ = {
			isa = XCConfigurationList;
			buildConfigurations = (
				3B5E9EA02AE07F9D00293473 /* Debug */,
				3B5E9EA12AE07F9D00293473 /* Release */,
			);
			defaultConfigurationIsVisible = 0;
			defaultConfigurationName = Release;
		};
		3B5E9EA22AE07F9D00293473 /* Build configuration list for PBXNativeTarget "whattomakeUITests" */ = {
			isa = XCConfigurationList;
			buildConfigurations = (
				3B5E9EA32AE07F9D00293473 /* Debug */,
				3B5E9EA42AE07F9D00293473 /* Release */,
			);
			defaultConfigurationIsVisible = 0;
			defaultConfigurationName = Release;
		};
/* End XCConfigurationList section */
	};
	rootObject = 3B5E9E6C2AE07F9B00293473 /* Project object */;
}
